// !$*UTF8*$!
{
	archiveVersion = 1;
	classes = {
	};
	objectVersion = 51;
	objects = {

/* Begin PBXBuildFile section */
		2925FF5A2553B59500E64E38 /* Activity.swift in Sources */ = {isa = PBXBuildFile; fileRef = 2925FF592553B59500E64E38 /* Activity.swift */; };
		2925FF5E2553C36200E64E38 /* Extensions.swift in Sources */ = {isa = PBXBuildFile; fileRef = 2925FF5D2553C36200E64E38 /* Extensions.swift */; };
		2925FF6F25562D5F00E64E38 /* Other.swift in Sources */ = {isa = PBXBuildFile; fileRef = 2925FF6E25562D5F00E64E38 /* Other.swift */; };
		2925FF722556397E00E64E38 /* K.swift in Sources */ = {isa = PBXBuildFile; fileRef = 2925FF712556397E00E64E38 /* K.swift */; };
		2925FF79255723E900E64E38 /* PublicExtensions.swift in Sources */ = {isa = PBXBuildFile; fileRef = 2925FF78255723E800E64E38 /* PublicExtensions.swift */; };
		2925FF7C25572A2B00E64E38 /* GoogleService-Info.plist in Resources */ = {isa = PBXBuildFile; fileRef = 2925FF7B25572A2B00E64E38 /* GoogleService-Info.plist */; };
		2925FF93255737F400E64E38 /* Event.swift in Sources */ = {isa = PBXBuildFile; fileRef = 2925FF92255737F300E64E38 /* Event.swift */; };
		2925FF9D2558CBDD00E64E38 /* Interface.storyboard in Resources */ = {isa = PBXBuildFile; fileRef = 2925FF9B2558CBDD00E64E38 /* Interface.storyboard */; };
		2925FF9F2558CBDE00E64E38 /* Assets.xcassets in Resources */ = {isa = PBXBuildFile; fileRef = 2925FF9E2558CBDE00E64E38 /* Assets.xcassets */; };
		2925FFA62558CBDF00E64E38 /* SculptWatchApp Extension.appex in Embed App Extensions */ = {isa = PBXBuildFile; fileRef = 2925FFA52558CBDF00E64E38 /* SculptWatchApp Extension.appex */; settings = {ATTRIBUTES = (RemoveHeadersOnCopy, ); }; };
		2925FFAB2558CBDF00E64E38 /* HappinessController.swift in Sources */ = {isa = PBXBuildFile; fileRef = 2925FFAA2558CBDF00E64E38 /* HappinessController.swift */; };
		2925FFAD2558CBDF00E64E38 /* ExtensionDelegate.swift in Sources */ = {isa = PBXBuildFile; fileRef = 2925FFAC2558CBDF00E64E38 /* ExtensionDelegate.swift */; };
		2925FFAF2558CBDF00E64E38 /* NotificationController.swift in Sources */ = {isa = PBXBuildFile; fileRef = 2925FFAE2558CBDF00E64E38 /* NotificationController.swift */; };
		2925FFB12558CBDF00E64E38 /* ComplicationController.swift in Sources */ = {isa = PBXBuildFile; fileRef = 2925FFB02558CBDF00E64E38 /* ComplicationController.swift */; };
		2925FFB32558CBDF00E64E38 /* Assets.xcassets in Resources */ = {isa = PBXBuildFile; fileRef = 2925FFB22558CBDF00E64E38 /* Assets.xcassets */; };
		2925FFB82558CBE000E64E38 /* SculptWatchApp.app in Embed Watch Content */ = {isa = PBXBuildFile; fileRef = 2925FF992558CBDD00E64E38 /* SculptWatchApp.app */; settings = {ATTRIBUTES = (RemoveHeadersOnCopy, ); }; };
		2925FFE325590A6700E64E38 /* AnxietyController.swift in Sources */ = {isa = PBXBuildFile; fileRef = 2925FFE225590A6700E64E38 /* AnxietyController.swift */; };
		2925FFE825590C9100E64E38 /* EnergyController.swift in Sources */ = {isa = PBXBuildFile; fileRef = 2925FFE725590C9100E64E38 /* EnergyController.swift */; };
		2925FFED25590D2400E64E38 /* SubmitController.swift in Sources */ = {isa = PBXBuildFile; fileRef = 2925FFEC25590D2400E64E38 /* SubmitController.swift */; };
		2925FFF72559104000E64E38 /* V.swift in Sources */ = {isa = PBXBuildFile; fileRef = 2925FFDD255909C200E64E38 /* V.swift */; };
		297B7EF0255B6B5700CDEB8D /* Other.swift in Sources */ = {isa = PBXBuildFile; fileRef = 297B7EEF255B6B5700CDEB8D /* Other.swift */; };
		297B7EF8255B6F8F00CDEB8D /* EventController.swift in Sources */ = {isa = PBXBuildFile; fileRef = 297B7EF7255B6F8F00CDEB8D /* EventController.swift */; };
		297B7F06255F56B600CDEB8D /* MorningController.swift in Sources */ = {isa = PBXBuildFile; fileRef = 297B7F05255F56B600CDEB8D /* MorningController.swift */; };
		297B7F0B255F5F0A00CDEB8D /* EveningController.swift in Sources */ = {isa = PBXBuildFile; fileRef = 297B7F0A255F5F0A00CDEB8D /* EveningController.swift */; };
		29B8D93E25536FC300A2D9AE /* AppDelegate.swift in Sources */ = {isa = PBXBuildFile; fileRef = 29B8D93D25536FC300A2D9AE /* AppDelegate.swift */; };
		29B8D94025536FC300A2D9AE /* SceneDelegate.swift in Sources */ = {isa = PBXBuildFile; fileRef = 29B8D93F25536FC300A2D9AE /* SceneDelegate.swift */; };
		29B8D94225536FC300A2D9AE /* ViewController.swift in Sources */ = {isa = PBXBuildFile; fileRef = 29B8D94125536FC300A2D9AE /* ViewController.swift */; };
		29B8D94525536FC300A2D9AE /* Main.storyboard in Resources */ = {isa = PBXBuildFile; fileRef = 29B8D94325536FC300A2D9AE /* Main.storyboard */; };
		29B8D94725536FC400A2D9AE /* Assets.xcassets in Resources */ = {isa = PBXBuildFile; fileRef = 29B8D94625536FC400A2D9AE /* Assets.xcassets */; };
		29B8D94A25536FC400A2D9AE /* LaunchScreen.storyboard in Resources */ = {isa = PBXBuildFile; fileRef = 29B8D94825536FC400A2D9AE /* LaunchScreen.storyboard */; };
		5BD21CDC77DB16C0BED63028 /* Pods_Sculpt.framework in Frameworks */ = {isa = PBXBuildFile; fileRef = A58B6A7527744BCDBE84F592 /* Pods_Sculpt.framework */; };
/* End PBXBuildFile section */

/* Begin PBXContainerItemProxy section */
		2925FFA72558CBDF00E64E38 /* PBXContainerItemProxy */ = {
			isa = PBXContainerItemProxy;
			containerPortal = 29B8D93225536FC300A2D9AE /* Project object */;
			proxyType = 1;
			remoteGlobalIDString = 2925FFA42558CBDF00E64E38;
			remoteInfo = "SculptWatchApp Extension";
		};
		2925FFB62558CBE000E64E38 /* PBXContainerItemProxy */ = {
			isa = PBXContainerItemProxy;
			containerPortal = 29B8D93225536FC300A2D9AE /* Project object */;
			proxyType = 1;
			remoteGlobalIDString = 2925FF982558CBDD00E64E38;
			remoteInfo = SculptWatchApp;
		};
/* End PBXContainerItemProxy section */

/* Begin PBXCopyFilesBuildPhase section */
		2925FFBC2558CBE000E64E38 /* Embed App Extensions */ = {
			isa = PBXCopyFilesBuildPhase;
			buildActionMask = 2147483647;
			dstPath = "";
			dstSubfolderSpec = 13;
			files = (
				2925FFA62558CBDF00E64E38 /* SculptWatchApp Extension.appex in Embed App Extensions */,
			);
			name = "Embed App Extensions";
			runOnlyForDeploymentPostprocessing = 0;
		};
		2925FFC02558CBE000E64E38 /* Embed Watch Content */ = {
			isa = PBXCopyFilesBuildPhase;
			buildActionMask = 2147483647;
			dstPath = "$(CONTENTS_FOLDER_PATH)/Watch";
			dstSubfolderSpec = 16;
			files = (
				2925FFB82558CBE000E64E38 /* SculptWatchApp.app in Embed Watch Content */,
			);
			name = "Embed Watch Content";
			runOnlyForDeploymentPostprocessing = 0;
		};
/* End PBXCopyFilesBuildPhase section */

/* Begin PBXFileReference section */
		1DDCBC8F5387C7C5A0ADDF14 /* Pods-Sculpt.release.xcconfig */ = {isa = PBXFileReference; includeInIndex = 1; lastKnownFileType = text.xcconfig; name = "Pods-Sculpt.release.xcconfig"; path = "Target Support Files/Pods-Sculpt/Pods-Sculpt.release.xcconfig"; sourceTree = "<group>"; };
		2925FF592553B59500E64E38 /* Activity.swift */ = {isa = PBXFileReference; lastKnownFileType = sourcecode.swift; path = Activity.swift; sourceTree = "<group>"; };
		2925FF5D2553C36200E64E38 /* Extensions.swift */ = {isa = PBXFileReference; lastKnownFileType = sourcecode.swift; path = Extensions.swift; sourceTree = "<group>"; };
		2925FF6E25562D5F00E64E38 /* Other.swift */ = {isa = PBXFileReference; lastKnownFileType = sourcecode.swift; path = Other.swift; sourceTree = "<group>"; };
		2925FF712556397E00E64E38 /* K.swift */ = {isa = PBXFileReference; lastKnownFileType = sourcecode.swift; path = K.swift; sourceTree = "<group>"; };
		2925FF78255723E800E64E38 /* PublicExtensions.swift */ = {isa = PBXFileReference; lastKnownFileType = sourcecode.swift; path = PublicExtensions.swift; sourceTree = "<group>"; };
		2925FF7B25572A2B00E64E38 /* GoogleService-Info.plist */ = {isa = PBXFileReference; fileEncoding = 4; lastKnownFileType = text.plist.xml; path = "GoogleService-Info.plist"; sourceTree = "<group>"; };
		2925FF92255737F300E64E38 /* Event.swift */ = {isa = PBXFileReference; lastKnownFileType = sourcecode.swift; path = Event.swift; sourceTree = "<group>"; };
		2925FF992558CBDD00E64E38 /* SculptWatchApp.app */ = {isa = PBXFileReference; explicitFileType = wrapper.application; includeInIndex = 0; path = SculptWatchApp.app; sourceTree = BUILT_PRODUCTS_DIR; };
		2925FF9C2558CBDD00E64E38 /* Base */ = {isa = PBXFileReference; lastKnownFileType = file.storyboard; name = Base; path = Base.lproj/Interface.storyboard; sourceTree = "<group>"; };
		2925FF9E2558CBDE00E64E38 /* Assets.xcassets */ = {isa = PBXFileReference; lastKnownFileType = folder.assetcatalog; path = Assets.xcassets; sourceTree = "<group>"; };
		2925FFA02558CBDE00E64E38 /* Info.plist */ = {isa = PBXFileReference; lastKnownFileType = text.plist.xml; path = Info.plist; sourceTree = "<group>"; };
		2925FFA52558CBDF00E64E38 /* SculptWatchApp Extension.appex */ = {isa = PBXFileReference; explicitFileType = "wrapper.app-extension"; includeInIndex = 0; path = "SculptWatchApp Extension.appex"; sourceTree = BUILT_PRODUCTS_DIR; };
		2925FFAA2558CBDF00E64E38 /* HappinessController.swift */ = {isa = PBXFileReference; lastKnownFileType = sourcecode.swift; path = HappinessController.swift; sourceTree = "<group>"; };
		2925FFAC2558CBDF00E64E38 /* ExtensionDelegate.swift */ = {isa = PBXFileReference; lastKnownFileType = sourcecode.swift; path = ExtensionDelegate.swift; sourceTree = "<group>"; };
		2925FFAE2558CBDF00E64E38 /* NotificationController.swift */ = {isa = PBXFileReference; lastKnownFileType = sourcecode.swift; path = NotificationController.swift; sourceTree = "<group>"; };
		2925FFB02558CBDF00E64E38 /* ComplicationController.swift */ = {isa = PBXFileReference; lastKnownFileType = sourcecode.swift; path = ComplicationController.swift; sourceTree = "<group>"; };
		2925FFB22558CBDF00E64E38 /* Assets.xcassets */ = {isa = PBXFileReference; lastKnownFileType = folder.assetcatalog; path = Assets.xcassets; sourceTree = "<group>"; };
		2925FFB42558CBDF00E64E38 /* Info.plist */ = {isa = PBXFileReference; lastKnownFileType = text.plist.xml; path = Info.plist; sourceTree = "<group>"; };
		2925FFB52558CBDF00E64E38 /* PushNotificationPayload.apns */ = {isa = PBXFileReference; lastKnownFileType = text; path = PushNotificationPayload.apns; sourceTree = "<group>"; };
		2925FFDD255909C200E64E38 /* V.swift */ = {isa = PBXFileReference; lastKnownFileType = sourcecode.swift; path = V.swift; sourceTree = "<group>"; };
		2925FFE225590A6700E64E38 /* AnxietyController.swift */ = {isa = PBXFileReference; lastKnownFileType = sourcecode.swift; path = AnxietyController.swift; sourceTree = "<group>"; };
		2925FFE725590C9100E64E38 /* EnergyController.swift */ = {isa = PBXFileReference; lastKnownFileType = sourcecode.swift; path = EnergyController.swift; sourceTree = "<group>"; };
		2925FFEC25590D2400E64E38 /* SubmitController.swift */ = {isa = PBXFileReference; lastKnownFileType = sourcecode.swift; path = SubmitController.swift; sourceTree = "<group>"; };
		297B7EEF255B6B5700CDEB8D /* Other.swift */ = {isa = PBXFileReference; lastKnownFileType = sourcecode.swift; path = Other.swift; sourceTree = "<group>"; };
		297B7EF7255B6F8F00CDEB8D /* EventController.swift */ = {isa = PBXFileReference; lastKnownFileType = sourcecode.swift; path = EventController.swift; sourceTree = "<group>"; };
		297B7F05255F56B600CDEB8D /* MorningController.swift */ = {isa = PBXFileReference; lastKnownFileType = sourcecode.swift; path = MorningController.swift; sourceTree = "<group>"; };
		297B7F0A255F5F0A00CDEB8D /* EveningController.swift */ = {isa = PBXFileReference; lastKnownFileType = sourcecode.swift; path = EveningController.swift; sourceTree = "<group>"; };
		29B8D93A25536FC300A2D9AE /* Sculpt.app */ = {isa = PBXFileReference; explicitFileType = wrapper.application; includeInIndex = 0; path = Sculpt.app; sourceTree = BUILT_PRODUCTS_DIR; };
		29B8D93D25536FC300A2D9AE /* AppDelegate.swift */ = {isa = PBXFileReference; lastKnownFileType = sourcecode.swift; path = AppDelegate.swift; sourceTree = "<group>"; };
		29B8D93F25536FC300A2D9AE /* SceneDelegate.swift */ = {isa = PBXFileReference; lastKnownFileType = sourcecode.swift; path = SceneDelegate.swift; sourceTree = "<group>"; };
		29B8D94125536FC300A2D9AE /* ViewController.swift */ = {isa = PBXFileReference; lastKnownFileType = sourcecode.swift; path = ViewController.swift; sourceTree = "<group>"; };
		29B8D94425536FC300A2D9AE /* Base */ = {isa = PBXFileReference; lastKnownFileType = file.storyboard; name = Base; path = Base.lproj/Main.storyboard; sourceTree = "<group>"; };
		29B8D94625536FC400A2D9AE /* Assets.xcassets */ = {isa = PBXFileReference; lastKnownFileType = folder.assetcatalog; path = Assets.xcassets; sourceTree = "<group>"; };
		29B8D94925536FC400A2D9AE /* Base */ = {isa = PBXFileReference; lastKnownFileType = file.storyboard; name = Base; path = Base.lproj/LaunchScreen.storyboard; sourceTree = "<group>"; };
		29B8D94B25536FC400A2D9AE /* Info.plist */ = {isa = PBXFileReference; lastKnownFileType = text.plist.xml; path = Info.plist; sourceTree = "<group>"; };
		3C3BA98ABB31F71BA0E55F7B /* Pods-Sculpt.debug.xcconfig */ = {isa = PBXFileReference; includeInIndex = 1; lastKnownFileType = text.xcconfig; name = "Pods-Sculpt.debug.xcconfig"; path = "Target Support Files/Pods-Sculpt/Pods-Sculpt.debug.xcconfig"; sourceTree = "<group>"; };
		A58B6A7527744BCDBE84F592 /* Pods_Sculpt.framework */ = {isa = PBXFileReference; explicitFileType = wrapper.framework; includeInIndex = 0; path = Pods_Sculpt.framework; sourceTree = BUILT_PRODUCTS_DIR; };
/* End PBXFileReference section */

/* Begin PBXFrameworksBuildPhase section */
		2925FFA22558CBDF00E64E38 /* Frameworks */ = {
			isa = PBXFrameworksBuildPhase;
			buildActionMask = 2147483647;
			files = (
			);
			runOnlyForDeploymentPostprocessing = 0;
		};
		29B8D93725536FC300A2D9AE /* Frameworks */ = {
			isa = PBXFrameworksBuildPhase;
			buildActionMask = 2147483647;
			files = (
				5BD21CDC77DB16C0BED63028 /* Pods_Sculpt.framework in Frameworks */,
			);
			runOnlyForDeploymentPostprocessing = 0;
		};
/* End PBXFrameworksBuildPhase section */

/* Begin PBXGroup section */
		0C96CCE244FA28DAF768EF37 /* Frameworks */ = {
			isa = PBXGroup;
			children = (
				A58B6A7527744BCDBE84F592 /* Pods_Sculpt.framework */,
			);
			name = Frameworks;
			sourceTree = "<group>";
		};
		2925FF9A2558CBDD00E64E38 /* SculptWatchApp */ = {
			isa = PBXGroup;
			children = (
				2925FF9B2558CBDD00E64E38 /* Interface.storyboard */,
				2925FF9E2558CBDE00E64E38 /* Assets.xcassets */,
				2925FFA02558CBDE00E64E38 /* Info.plist */,
			);
			path = SculptWatchApp;
			sourceTree = "<group>";
		};
		2925FFA92558CBDF00E64E38 /* SculptWatchApp Extension */ = {
			isa = PBXGroup;
			children = (
				2925FFCA2558D78000E64E38 /* Model */,
				2925FFCB2558D79100E64E38 /* Controller */,
				2925FFAC2558CBDF00E64E38 /* ExtensionDelegate.swift */,
				2925FFAE2558CBDF00E64E38 /* NotificationController.swift */,
				2925FFB02558CBDF00E64E38 /* ComplicationController.swift */,
				2925FFB22558CBDF00E64E38 /* Assets.xcassets */,
				2925FFB42558CBDF00E64E38 /* Info.plist */,
				2925FFB52558CBDF00E64E38 /* PushNotificationPayload.apns */,
			);
			path = "SculptWatchApp Extension";
			sourceTree = "<group>";
		};
		2925FFCA2558D78000E64E38 /* Model */ = {
			isa = PBXGroup;
			children = (
			);
			path = Model;
			sourceTree = "<group>";
		};
		2925FFCB2558D79100E64E38 /* Controller */ = {
			isa = PBXGroup;
			children = (
				297B7EEF255B6B5700CDEB8D /* Other.swift */,
				2925FFDD255909C200E64E38 /* V.swift */,
				2925FFAA2558CBDF00E64E38 /* HappinessController.swift */,
				2925FFE225590A6700E64E38 /* AnxietyController.swift */,
				2925FFE725590C9100E64E38 /* EnergyController.swift */,
				2925FFEC25590D2400E64E38 /* SubmitController.swift */,
				297B7EF7255B6F8F00CDEB8D /* EventController.swift */,
			);
			path = Controller;
			sourceTree = "<group>";
		};
		29B8D93125536FC300A2D9AE = {
			isa = PBXGroup;
			children = (
				29B8D93C25536FC300A2D9AE /* Sculpt */,
				2925FF9A2558CBDD00E64E38 /* SculptWatchApp */,
				2925FFA92558CBDF00E64E38 /* SculptWatchApp Extension */,
				29B8D93B25536FC300A2D9AE /* Products */,
				8B29C685AF07319F2210EB21 /* Pods */,
				0C96CCE244FA28DAF768EF37 /* Frameworks */,
			);
			sourceTree = "<group>";
		};
		29B8D93B25536FC300A2D9AE /* Products */ = {
			isa = PBXGroup;
			children = (
				29B8D93A25536FC300A2D9AE /* Sculpt.app */,
				2925FF992558CBDD00E64E38 /* SculptWatchApp.app */,
				2925FFA52558CBDF00E64E38 /* SculptWatchApp Extension.appex */,
			);
			name = Products;
			sourceTree = "<group>";
		};
		29B8D93C25536FC300A2D9AE /* Sculpt */ = {
			isa = PBXGroup;
			children = (
				29B8D93D25536FC300A2D9AE /* AppDelegate.swift */,
				29B8D93F25536FC300A2D9AE /* SceneDelegate.swift */,
				29B8D95625539C8D00A2D9AE /* Model */,
				29B8D95725539C9700A2D9AE /* View */,
				29B8D95825539C9C00A2D9AE /* Controller */,
				29B8D94625536FC400A2D9AE /* Assets.xcassets */,
				29B8D94825536FC400A2D9AE /* LaunchScreen.storyboard */,
				29B8D94B25536FC400A2D9AE /* Info.plist */,
				2925FF7B25572A2B00E64E38 /* GoogleService-Info.plist */,
			);
			path = Sculpt;
			sourceTree = "<group>";
		};
		29B8D95625539C8D00A2D9AE /* Model */ = {
			isa = PBXGroup;
			children = (
				2925FF592553B59500E64E38 /* Activity.swift */,
				2925FF92255737F300E64E38 /* Event.swift */,
				2925FF5D2553C36200E64E38 /* Extensions.swift */,
				2925FF6E25562D5F00E64E38 /* Other.swift */,
				2925FF712556397E00E64E38 /* K.swift */,
				2925FF78255723E800E64E38 /* PublicExtensions.swift */,
			);
			path = Model;
			sourceTree = "<group>";
		};
		29B8D95725539C9700A2D9AE /* View */ = {
			isa = PBXGroup;
			children = (
				29B8D94325536FC300A2D9AE /* Main.storyboard */,
			);
			path = View;
			sourceTree = "<group>";
		};
		29B8D95825539C9C00A2D9AE /* Controller */ = {
			isa = PBXGroup;
			children = (
				29B8D94125536FC300A2D9AE /* ViewController.swift */,
				297B7F05255F56B600CDEB8D /* MorningController.swift */,
				297B7F0A255F5F0A00CDEB8D /* EveningController.swift */,
			);
			path = Controller;
			sourceTree = "<group>";
		};
		8B29C685AF07319F2210EB21 /* Pods */ = {
			isa = PBXGroup;
			children = (
				3C3BA98ABB31F71BA0E55F7B /* Pods-Sculpt.debug.xcconfig */,
				1DDCBC8F5387C7C5A0ADDF14 /* Pods-Sculpt.release.xcconfig */,
			);
			path = Pods;
			sourceTree = "<group>";
		};
/* End PBXGroup section */

/* Begin PBXNativeTarget section */
		2925FF982558CBDD00E64E38 /* SculptWatchApp */ = {
			isa = PBXNativeTarget;
			buildConfigurationList = 2925FFBD2558CBE000E64E38 /* Build configuration list for PBXNativeTarget "SculptWatchApp" */;
			buildPhases = (
				2925FF972558CBDD00E64E38 /* Resources */,
				2925FFBC2558CBE000E64E38 /* Embed App Extensions */,
			);
			buildRules = (
			);
			dependencies = (
				2925FFA82558CBDF00E64E38 /* PBXTargetDependency */,
			);
			name = SculptWatchApp;
			productName = SculptWatchApp;
			productReference = 2925FF992558CBDD00E64E38 /* SculptWatchApp.app */;
			productType = "com.apple.product-type.application.watchapp2";
		};
		2925FFA42558CBDF00E64E38 /* SculptWatchApp Extension */ = {
			isa = PBXNativeTarget;
			buildConfigurationList = 2925FFB92558CBE000E64E38 /* Build configuration list for PBXNativeTarget "SculptWatchApp Extension" */;
			buildPhases = (
				2925FFA12558CBDF00E64E38 /* Sources */,
				2925FFA22558CBDF00E64E38 /* Frameworks */,
				2925FFA32558CBDF00E64E38 /* Resources */,
			);
			buildRules = (
			);
			dependencies = (
			);
			name = "SculptWatchApp Extension";
			productName = "SculptWatchApp Extension";
			productReference = 2925FFA52558CBDF00E64E38 /* SculptWatchApp Extension.appex */;
			productType = "com.apple.product-type.watchkit2-extension";
		};
		29B8D93925536FC300A2D9AE /* Sculpt */ = {
			isa = PBXNativeTarget;
			buildConfigurationList = 29B8D94E25536FC400A2D9AE /* Build configuration list for PBXNativeTarget "Sculpt" */;
			buildPhases = (
				4CF1283D452DDE4ECA10CE93 /* [CP] Check Pods Manifest.lock */,
				29B8D93625536FC300A2D9AE /* Sources */,
				29B8D93725536FC300A2D9AE /* Frameworks */,
				29B8D93825536FC300A2D9AE /* Resources */,
				1E7B3F6C09349385F5507316 /* [CP] Embed Pods Frameworks */,
				2925FFC02558CBE000E64E38 /* Embed Watch Content */,
			);
			buildRules = (
			);
			dependencies = (
				2925FFB72558CBE000E64E38 /* PBXTargetDependency */,
			);
			name = Sculpt;
			productName = Sculpt;
			productReference = 29B8D93A25536FC300A2D9AE /* Sculpt.app */;
			productType = "com.apple.product-type.application";
		};
/* End PBXNativeTarget section */

/* Begin PBXProject section */
		29B8D93225536FC300A2D9AE /* Project object */ = {
			isa = PBXProject;
			attributes = {
				LastSwiftUpdateCheck = 1200;
				LastUpgradeCheck = 1200;
				TargetAttributes = {
					2925FF982558CBDD00E64E38 = {
						CreatedOnToolsVersion = 12.0.1;
					};
					2925FFA42558CBDF00E64E38 = {
						CreatedOnToolsVersion = 12.0.1;
					};
					29B8D93925536FC300A2D9AE = {
						CreatedOnToolsVersion = 12.0.1;
					};
				};
			};
			buildConfigurationList = 29B8D93525536FC300A2D9AE /* Build configuration list for PBXProject "Sculpt" */;
			compatibilityVersion = "Xcode 9.3";
			developmentRegion = en;
			hasScannedForEncodings = 0;
			knownRegions = (
				en,
				Base,
			);
			mainGroup = 29B8D93125536FC300A2D9AE;
			productRefGroup = 29B8D93B25536FC300A2D9AE /* Products */;
			projectDirPath = "";
			projectRoot = "";
			targets = (
				29B8D93925536FC300A2D9AE /* Sculpt */,
				2925FF982558CBDD00E64E38 /* SculptWatchApp */,
				2925FFA42558CBDF00E64E38 /* SculptWatchApp Extension */,
			);
		};
/* End PBXProject section */

/* Begin PBXResourcesBuildPhase section */
		2925FF972558CBDD00E64E38 /* Resources */ = {
			isa = PBXResourcesBuildPhase;
			buildActionMask = 2147483647;
			files = (
				2925FF9F2558CBDE00E64E38 /* Assets.xcassets in Resources */,
				2925FF9D2558CBDD00E64E38 /* Interface.storyboard in Resources */,
			);
			runOnlyForDeploymentPostprocessing = 0;
		};
		2925FFA32558CBDF00E64E38 /* Resources */ = {
			isa = PBXResourcesBuildPhase;
			buildActionMask = 2147483647;
			files = (
				2925FFB32558CBDF00E64E38 /* Assets.xcassets in Resources */,
			);
			runOnlyForDeploymentPostprocessing = 0;
		};
		29B8D93825536FC300A2D9AE /* Resources */ = {
			isa = PBXResourcesBuildPhase;
			buildActionMask = 2147483647;
			files = (
				29B8D94A25536FC400A2D9AE /* LaunchScreen.storyboard in Resources */,
				29B8D94725536FC400A2D9AE /* Assets.xcassets in Resources */,
				29B8D94525536FC300A2D9AE /* Main.storyboard in Resources */,
				2925FF7C25572A2B00E64E38 /* GoogleService-Info.plist in Resources */,
			);
			runOnlyForDeploymentPostprocessing = 0;
		};
/* End PBXResourcesBuildPhase section */

/* Begin PBXShellScriptBuildPhase section */
		1E7B3F6C09349385F5507316 /* [CP] Embed Pods Frameworks */ = {
			isa = PBXShellScriptBuildPhase;
			buildActionMask = 2147483647;
			files = (
			);
			inputFileListPaths = (
				"${PODS_ROOT}/Target Support Files/Pods-Sculpt/Pods-Sculpt-frameworks-${CONFIGURATION}-input-files.xcfilelist",
			);
			name = "[CP] Embed Pods Frameworks";
			outputFileListPaths = (
				"${PODS_ROOT}/Target Support Files/Pods-Sculpt/Pods-Sculpt-frameworks-${CONFIGURATION}-output-files.xcfilelist",
			);
			runOnlyForDeploymentPostprocessing = 0;
			shellPath = /bin/sh;
			shellScript = "\"${PODS_ROOT}/Target Support Files/Pods-Sculpt/Pods-Sculpt-frameworks.sh\"\n";
			showEnvVarsInLog = 0;
		};
		4CF1283D452DDE4ECA10CE93 /* [CP] Check Pods Manifest.lock */ = {
			isa = PBXShellScriptBuildPhase;
			buildActionMask = 2147483647;
			files = (
			);
			inputFileListPaths = (
			);
			inputPaths = (
				"${PODS_PODFILE_DIR_PATH}/Podfile.lock",
				"${PODS_ROOT}/Manifest.lock",
			);
			name = "[CP] Check Pods Manifest.lock";
			outputFileListPaths = (
			);
			outputPaths = (
				"$(DERIVED_FILE_DIR)/Pods-Sculpt-checkManifestLockResult.txt",
			);
			runOnlyForDeploymentPostprocessing = 0;
			shellPath = /bin/sh;
			shellScript = "diff \"${PODS_PODFILE_DIR_PATH}/Podfile.lock\" \"${PODS_ROOT}/Manifest.lock\" > /dev/null\nif [ $? != 0 ] ; then\n    # print error to STDERR\n    echo \"error: The sandbox is not in sync with the Podfile.lock. Run 'pod install' or update your CocoaPods installation.\" >&2\n    exit 1\nfi\n# This output is used by Xcode 'outputs' to avoid re-running this script phase.\necho \"SUCCESS\" > \"${SCRIPT_OUTPUT_FILE_0}\"\n";
			showEnvVarsInLog = 0;
		};
/* End PBXShellScriptBuildPhase section */

/* Begin PBXSourcesBuildPhase section */
		2925FFA12558CBDF00E64E38 /* Sources */ = {
			isa = PBXSourcesBuildPhase;
			buildActionMask = 2147483647;
			files = (
				2925FFF72559104000E64E38 /* V.swift in Sources */,
				2925FFAF2558CBDF00E64E38 /* NotificationController.swift in Sources */,
				297B7EF8255B6F8F00CDEB8D /* EventController.swift in Sources */,
				2925FFED25590D2400E64E38 /* SubmitController.swift in Sources */,
				2925FFB12558CBDF00E64E38 /* ComplicationController.swift in Sources */,
				2925FFE325590A6700E64E38 /* AnxietyController.swift in Sources */,
				2925FFAD2558CBDF00E64E38 /* ExtensionDelegate.swift in Sources */,
				297B7EF0255B6B5700CDEB8D /* Other.swift in Sources */,
				2925FFAB2558CBDF00E64E38 /* HappinessController.swift in Sources */,
				2925FFE825590C9100E64E38 /* EnergyController.swift in Sources */,
			);
			runOnlyForDeploymentPostprocessing = 0;
		};
		29B8D93625536FC300A2D9AE /* Sources */ = {
			isa = PBXSourcesBuildPhase;
			buildActionMask = 2147483647;
			files = (
				2925FF79255723E900E64E38 /* PublicExtensions.swift in Sources */,
				2925FF93255737F400E64E38 /* Event.swift in Sources */,
				297B7F06255F56B600CDEB8D /* MorningController.swift in Sources */,
				2925FF5E2553C36200E64E38 /* Extensions.swift in Sources */,
				297B7F0B255F5F0A00CDEB8D /* EveningController.swift in Sources */,
				29B8D94225536FC300A2D9AE /* ViewController.swift in Sources */,
				29B8D93E25536FC300A2D9AE /* AppDelegate.swift in Sources */,
				2925FF5A2553B59500E64E38 /* Activity.swift in Sources */,
				2925FF722556397E00E64E38 /* K.swift in Sources */,
				2925FF6F25562D5F00E64E38 /* Other.swift in Sources */,
				29B8D94025536FC300A2D9AE /* SceneDelegate.swift in Sources */,
			);
			runOnlyForDeploymentPostprocessing = 0;
		};
/* End PBXSourcesBuildPhase section */

/* Begin PBXTargetDependency section */
		2925FFA82558CBDF00E64E38 /* PBXTargetDependency */ = {
			isa = PBXTargetDependency;
			target = 2925FFA42558CBDF00E64E38 /* SculptWatchApp Extension */;
			targetProxy = 2925FFA72558CBDF00E64E38 /* PBXContainerItemProxy */;
		};
		2925FFB72558CBE000E64E38 /* PBXTargetDependency */ = {
			isa = PBXTargetDependency;
			target = 2925FF982558CBDD00E64E38 /* SculptWatchApp */;
			targetProxy = 2925FFB62558CBE000E64E38 /* PBXContainerItemProxy */;
		};
/* End PBXTargetDependency section */

/* Begin PBXVariantGroup section */
		2925FF9B2558CBDD00E64E38 /* Interface.storyboard */ = {
			isa = PBXVariantGroup;
			children = (
				2925FF9C2558CBDD00E64E38 /* Base */,
			);
			name = Interface.storyboard;
			sourceTree = "<group>";
		};
		29B8D94325536FC300A2D9AE /* Main.storyboard */ = {
			isa = PBXVariantGroup;
			children = (
				29B8D94425536FC300A2D9AE /* Base */,
			);
			name = Main.storyboard;
			sourceTree = "<group>";
		};
		29B8D94825536FC400A2D9AE /* LaunchScreen.storyboard */ = {
			isa = PBXVariantGroup;
			children = (
				29B8D94925536FC400A2D9AE /* Base */,
			);
			name = LaunchScreen.storyboard;
			sourceTree = "<group>";
		};
/* End PBXVariantGroup section */

/* Begin XCBuildConfiguration section */
		2925FFBA2558CBE000E64E38 /* Debug */ = {
			isa = XCBuildConfiguration;
			buildSettings = {
				ASSETCATALOG_COMPILER_COMPLICATION_NAME = Complication;
				CODE_SIGN_STYLE = Automatic;
				DEVELOPMENT_TEAM = 5Q9YK3MTQ6;
				INFOPLIST_FILE = "SculptWatchApp Extension/Info.plist";
				LD_RUNPATH_SEARCH_PATHS = (
					"$(inherited)",
					"@executable_path/Frameworks",
					"@executable_path/../../Frameworks",
				);
				PRODUCT_BUNDLE_IDENTIFIER = avaford19.Sculpt.watchkitapp.watchkitextension;
				PRODUCT_NAME = "${TARGET_NAME}";
				SDKROOT = watchos;
				SKIP_INSTALL = YES;
				SWIFT_VERSION = 5.0;
				TARGETED_DEVICE_FAMILY = 4;
				WATCHOS_DEPLOYMENT_TARGET = 7.0;
			};
			name = Debug;
		};
		2925FFBB2558CBE000E64E38 /* Release */ = {
			isa = XCBuildConfiguration;
			buildSettings = {
				ASSETCATALOG_COMPILER_COMPLICATION_NAME = Complication;
				CODE_SIGN_STYLE = Automatic;
				DEVELOPMENT_TEAM = 5Q9YK3MTQ6;
				INFOPLIST_FILE = "SculptWatchApp Extension/Info.plist";
				LD_RUNPATH_SEARCH_PATHS = (
					"$(inherited)",
					"@executable_path/Frameworks",
					"@executable_path/../../Frameworks",
				);
				PRODUCT_BUNDLE_IDENTIFIER = avaford19.Sculpt.watchkitapp.watchkitextension;
				PRODUCT_NAME = "${TARGET_NAME}";
				SDKROOT = watchos;
				SKIP_INSTALL = YES;
				SWIFT_VERSION = 5.0;
				TARGETED_DEVICE_FAMILY = 4;
				WATCHOS_DEPLOYMENT_TARGET = 7.0;
			};
			name = Release;
		};
		2925FFBE2558CBE000E64E38 /* Debug */ = {
			isa = XCBuildConfiguration;
			buildSettings = {
				ALWAYS_EMBED_SWIFT_STANDARD_LIBRARIES = YES;
				ASSETCATALOG_COMPILER_APPICON_NAME = AppIcon;
				ASSETCATALOG_COMPILER_GLOBAL_ACCENT_COLOR_NAME = AccentColor;
				CODE_SIGN_STYLE = Automatic;
				DEVELOPMENT_TEAM = 5Q9YK3MTQ6;
				IBSC_MODULE = SculptWatchApp_Extension;
				INFOPLIST_FILE = SculptWatchApp/Info.plist;
				PRODUCT_BUNDLE_IDENTIFIER = avaford19.Sculpt.watchkitapp;
				PRODUCT_NAME = "$(TARGET_NAME)";
				SDKROOT = watchos;
				SKIP_INSTALL = YES;
				SWIFT_VERSION = 5.0;
				TARGETED_DEVICE_FAMILY = 4;
				WATCHOS_DEPLOYMENT_TARGET = 7.0;
			};
			name = Debug;
		};
		2925FFBF2558CBE000E64E38 /* Release */ = {
			isa = XCBuildConfiguration;
			buildSettings = {
				ALWAYS_EMBED_SWIFT_STANDARD_LIBRARIES = YES;
				ASSETCATALOG_COMPILER_APPICON_NAME = AppIcon;
				ASSETCATALOG_COMPILER_GLOBAL_ACCENT_COLOR_NAME = AccentColor;
				CODE_SIGN_STYLE = Automatic;
				DEVELOPMENT_TEAM = 5Q9YK3MTQ6;
				IBSC_MODULE = SculptWatchApp_Extension;
				INFOPLIST_FILE = SculptWatchApp/Info.plist;
				PRODUCT_BUNDLE_IDENTIFIER = avaford19.Sculpt.watchkitapp;
				PRODUCT_NAME = "$(TARGET_NAME)";
				SDKROOT = watchos;
				SKIP_INSTALL = YES;
				SWIFT_VERSION = 5.0;
				TARGETED_DEVICE_FAMILY = 4;
				WATCHOS_DEPLOYMENT_TARGET = 7.0;
			};
			name = Release;
		};
		29B8D94C25536FC400A2D9AE /* Debug */ = {
			isa = XCBuildConfiguration;
			buildSettings = {
				ALWAYS_SEARCH_USER_PATHS = NO;
				CLANG_ANALYZER_NONNULL = YES;
				CLANG_ANALYZER_NUMBER_OBJECT_CONVERSION = YES_AGGRESSIVE;
				CLANG_CXX_LANGUAGE_STANDARD = "gnu++14";
				CLANG_CXX_LIBRARY = "libc++";
				CLANG_ENABLE_MODULES = YES;
				CLANG_ENABLE_OBJC_ARC = YES;
				CLANG_ENABLE_OBJC_WEAK = YES;
				CLANG_WARN_BLOCK_CAPTURE_AUTORELEASING = YES;
				CLANG_WARN_BOOL_CONVERSION = YES;
				CLANG_WARN_COMMA = YES;
				CLANG_WARN_CONSTANT_CONVERSION = YES;
				CLANG_WARN_DEPRECATED_OBJC_IMPLEMENTATIONS = YES;
				CLANG_WARN_DIRECT_OBJC_ISA_USAGE = YES_ERROR;
				CLANG_WARN_DOCUMENTATION_COMMENTS = YES;
				CLANG_WARN_EMPTY_BODY = YES;
				CLANG_WARN_ENUM_CONVERSION = YES;
				CLANG_WARN_INFINITE_RECURSION = YES;
				CLANG_WARN_INT_CONVERSION = YES;
				CLANG_WARN_NON_LITERAL_NULL_CONVERSION = YES;
				CLANG_WARN_OBJC_IMPLICIT_RETAIN_SELF = YES;
				CLANG_WARN_OBJC_LITERAL_CONVERSION = YES;
				CLANG_WARN_OBJC_ROOT_CLASS = YES_ERROR;
				CLANG_WARN_QUOTED_INCLUDE_IN_FRAMEWORK_HEADER = YES;
				CLANG_WARN_RANGE_LOOP_ANALYSIS = YES;
				CLANG_WARN_STRICT_PROTOTYPES = YES;
				CLANG_WARN_SUSPICIOUS_MOVE = YES;
				CLANG_WARN_UNGUARDED_AVAILABILITY = YES_AGGRESSIVE;
				CLANG_WARN_UNREACHABLE_CODE = YES;
				CLANG_WARN__DUPLICATE_METHOD_MATCH = YES;
				COPY_PHASE_STRIP = NO;
				DEBUG_INFORMATION_FORMAT = dwarf;
				ENABLE_STRICT_OBJC_MSGSEND = YES;
				ENABLE_TESTABILITY = YES;
				GCC_C_LANGUAGE_STANDARD = gnu11;
				GCC_DYNAMIC_NO_PIC = NO;
				GCC_NO_COMMON_BLOCKS = YES;
				GCC_OPTIMIZATION_LEVEL = 0;
				GCC_PREPROCESSOR_DEFINITIONS = (
					"DEBUG=1",
					"$(inherited)",
				);
				GCC_WARN_64_TO_32_BIT_CONVERSION = YES;
				GCC_WARN_ABOUT_RETURN_TYPE = YES_ERROR;
				GCC_WARN_UNDECLARED_SELECTOR = YES;
				GCC_WARN_UNINITIALIZED_AUTOS = YES_AGGRESSIVE;
				GCC_WARN_UNUSED_FUNCTION = YES;
				GCC_WARN_UNUSED_VARIABLE = YES;
				IPHONEOS_DEPLOYMENT_TARGET = 13.0;
				MTL_ENABLE_DEBUG_INFO = INCLUDE_SOURCE;
				MTL_FAST_MATH = YES;
				ONLY_ACTIVE_ARCH = YES;
				SDKROOT = iphoneos;
				SWIFT_ACTIVE_COMPILATION_CONDITIONS = DEBUG;
				SWIFT_OPTIMIZATION_LEVEL = "-Onone";
			};
			name = Debug;
		};
		29B8D94D25536FC400A2D9AE /* Release */ = {
			isa = XCBuildConfiguration;
			buildSettings = {
				ALWAYS_SEARCH_USER_PATHS = NO;
				CLANG_ANALYZER_NONNULL = YES;
				CLANG_ANALYZER_NUMBER_OBJECT_CONVERSION = YES_AGGRESSIVE;
				CLANG_CXX_LANGUAGE_STANDARD = "gnu++14";
				CLANG_CXX_LIBRARY = "libc++";
				CLANG_ENABLE_MODULES = YES;
				CLANG_ENABLE_OBJC_ARC = YES;
				CLANG_ENABLE_OBJC_WEAK = YES;
				CLANG_WARN_BLOCK_CAPTURE_AUTORELEASING = YES;
				CLANG_WARN_BOOL_CONVERSION = YES;
				CLANG_WARN_COMMA = YES;
				CLANG_WARN_CONSTANT_CONVERSION = YES;
				CLANG_WARN_DEPRECATED_OBJC_IMPLEMENTATIONS = YES;
				CLANG_WARN_DIRECT_OBJC_ISA_USAGE = YES_ERROR;
				CLANG_WARN_DOCUMENTATION_COMMENTS = YES;
				CLANG_WARN_EMPTY_BODY = YES;
				CLANG_WARN_ENUM_CONVERSION = YES;
				CLANG_WARN_INFINITE_RECURSION = YES;
				CLANG_WARN_INT_CONVERSION = YES;
				CLANG_WARN_NON_LITERAL_NULL_CONVERSION = YES;
				CLANG_WARN_OBJC_IMPLICIT_RETAIN_SELF = YES;
				CLANG_WARN_OBJC_LITERAL_CONVERSION = YES;
				CLANG_WARN_OBJC_ROOT_CLASS = YES_ERROR;
				CLANG_WARN_QUOTED_INCLUDE_IN_FRAMEWORK_HEADER = YES;
				CLANG_WARN_RANGE_LOOP_ANALYSIS = YES;
				CLANG_WARN_STRICT_PROTOTYPES = YES;
				CLANG_WARN_SUSPICIOUS_MOVE = YES;
				CLANG_WARN_UNGUARDED_AVAILABILITY = YES_AGGRESSIVE;
				CLANG_WARN_UNREACHABLE_CODE = YES;
				CLANG_WARN__DUPLICATE_METHOD_MATCH = YES;
				COPY_PHASE_STRIP = NO;
				DEBUG_INFORMATION_FORMAT = "dwarf-with-dsym";
				ENABLE_NS_ASSERTIONS = NO;
				ENABLE_STRICT_OBJC_MSGSEND = YES;
				GCC_C_LANGUAGE_STANDARD = gnu11;
				GCC_NO_COMMON_BLOCKS = YES;
				GCC_WARN_64_TO_32_BIT_CONVERSION = YES;
				GCC_WARN_ABOUT_RETURN_TYPE = YES_ERROR;
				GCC_WARN_UNDECLARED_SELECTOR = YES;
				GCC_WARN_UNINITIALIZED_AUTOS = YES_AGGRESSIVE;
				GCC_WARN_UNUSED_FUNCTION = YES;
				GCC_WARN_UNUSED_VARIABLE = YES;
				IPHONEOS_DEPLOYMENT_TARGET = 13.0;
				MTL_ENABLE_DEBUG_INFO = NO;
				MTL_FAST_MATH = YES;
				SDKROOT = iphoneos;
				SWIFT_COMPILATION_MODE = wholemodule;
				SWIFT_OPTIMIZATION_LEVEL = "-O";
				VALIDATE_PRODUCT = YES;
			};
			name = Release;
		};
		29B8D94F25536FC400A2D9AE /* Debug */ = {
			isa = XCBuildConfiguration;
			baseConfigurationReference = 3C3BA98ABB31F71BA0E55F7B /* Pods-Sculpt.debug.xcconfig */;
			buildSettings = {
				ASSETCATALOG_COMPILER_APPICON_NAME = AppIcon;
				ASSETCATALOG_COMPILER_GLOBAL_ACCENT_COLOR_NAME = AccentColor;
				CODE_SIGN_STYLE = Automatic;
				DEVELOPMENT_TEAM = 5Q9YK3MTQ6;
				INFOPLIST_FILE = Sculpt/Info.plist;
				LD_RUNPATH_SEARCH_PATHS = (
					"$(inherited)",
					"@executable_path/Frameworks",
				);
				PRODUCT_BUNDLE_IDENTIFIER = avaford19.Sculpt;
				PRODUCT_NAME = "$(TARGET_NAME)";
				SWIFT_VERSION = 5.0;
				TARGETED_DEVICE_FAMILY = "1,2";
			};
			name = Debug;
		};
		29B8D95025536FC400A2D9AE /* Release */ = {
			isa = XCBuildConfiguration;
			baseConfigurationReference = 1DDCBC8F5387C7C5A0ADDF14 /* Pods-Sculpt.release.xcconfig */;
			buildSettings = {
				ASSETCATALOG_COMPILER_APPICON_NAME = AppIcon;
				ASSETCATALOG_COMPILER_GLOBAL_ACCENT_COLOR_NAME = AccentColor;
				CODE_SIGN_STYLE = Automatic;
				DEVELOPMENT_TEAM = 5Q9YK3MTQ6;
				INFOPLIST_FILE = Sculpt/Info.plist;
				LD_RUNPATH_SEARCH_PATHS = (
					"$(inherited)",
					"@executable_path/Frameworks",
				);
				PRODUCT_BUNDLE_IDENTIFIER = avaford19.Sculpt;
				PRODUCT_NAME = "$(TARGET_NAME)";
				SWIFT_VERSION = 5.0;
				TARGETED_DEVICE_FAMILY = "1,2";
			};
			name = Release;
		};
/* End XCBuildConfiguration section */

/* Begin XCConfigurationList section */
		2925FFB92558CBE000E64E38 /* Build configuration list for PBXNativeTarget "SculptWatchApp Extension" */ = {
			isa = XCConfigurationList;
			buildConfigurations = (
				2925FFBA2558CBE000E64E38 /* Debug */,
				2925FFBB2558CBE000E64E38 /* Release */,
			);
			defaultConfigurationIsVisible = 0;
			defaultConfigurationName = Release;
		};
		2925FFBD2558CBE000E64E38 /* Build configuration list for PBXNativeTarget "SculptWatchApp" */ = {
			isa = XCConfigurationList;
			buildConfigurations = (
				2925FFBE2558CBE000E64E38 /* Debug */,
				2925FFBF2558CBE000E64E38 /* Release */,
			);
			defaultConfigurationIsVisible = 0;
			defaultConfigurationName = Release;
		};
		29B8D93525536FC300A2D9AE /* Build configuration list for PBXProject "Sculpt" */ = {
			isa = XCConfigurationList;
			buildConfigurations = (
				29B8D94C25536FC400A2D9AE /* Debug */,
				29B8D94D25536FC400A2D9AE /* Release */,
			);
			defaultConfigurationIsVisible = 0;
			defaultConfigurationName = Release;
		};
		29B8D94E25536FC400A2D9AE /* Build configuration list for PBXNativeTarget "Sculpt" */ = {
			isa = XCConfigurationList;
			buildConfigurations = (
				29B8D94F25536FC400A2D9AE /* Debug */,
				29B8D95025536FC400A2D9AE /* Release */,
			);
			defaultConfigurationIsVisible = 0;
			defaultConfigurationName = Release;
		};
/* End XCConfigurationList section */
	};
	rootObject = 29B8D93225536FC300A2D9AE /* Project object */;
}
